
Microsoft Visual Studio Solution File, Format Version 12.00
# Visual Studio Version 17
VisualStudioVersion = 17.14.36414.22
MinimumVisualStudioVersion = 10.0.40219.1
Project("{FAE04EC0-301F-11D3-BF4B-00C04F79EFBC}") = "Tyuiu.TumashenkinYA.Sprint1.Task0.V15", "Tyuiu.TumashenkinYA.Sprint1.Task0.V15\Tyuiu.TumashenkinYA.Sprint1.Task0.V15.csproj", "{18039F67-4235-2BB9-9F9B-A40E6086DA6B}"
EndProject
Project("{FAE04EC0-301F-11D3-BF4B-00C04F79EFBC}") = "Tyuiu.TumashenkinYA.Sprint1.Task0.V15.Lib", "Tyuiu.TumashenkinYA.Sprint1.Task0.V15.Lib\Tyuiu.TumashenkinYA.Sprint1.Task0.V15.Lib.csproj", "{85C68CC4-0B36-6874-7735-1A2F4E6A8394}"
EndProject
Project("{FAE04EC0-301F-11D3-BF4B-00C04F79EFBC}") = "Tyuiu.TumashenkinYA.Sprint1.Task0.V15.Test", "Tyuiu.TumashenkinYA.Sprint1.Task0.V15.Test\Tyuiu.TumashenkinYA.Sprint1.Task0.V15.Test.csproj", "{CC12E602-17E1-475E-12F0-57AE40A60F3F}"
EndProject
Global
	GlobalSection(SolutionConfigurationPlatforms) = preSolution
		Debug|Any CPU = Debug|Any CPU
		Release|Any CPU = Release|Any CPU
	EndGlobalSection
	GlobalSection(ProjectConfigurationPlatforms) = postSolution
		{18039F67-4235-2BB9-9F9B-A40E6086DA6B}.Debug|Any CPU.ActiveCfg = Debug|Any CPU
		{18039F67-4235-2BB9-9F9B-A40E6086DA6B}.Debug|Any CPU.Build.0 = Debug|Any CPU
		{18039F67-4235-2BB9-9F9B-A40E6086DA6B}.Release|Any CPU.ActiveCfg = Release|Any CPU
		{18039F67-4235-2BB9-9F9B-A40E6086DA6B}.Release|Any CPU.Build.0 = Release|Any CPU
		{85C68CC4-0B36-6874-7735-1A2F4E6A8394}.Debug|Any CPU.ActiveCfg = Debug|Any CPU
		{85C68CC4-0B36-6874-7735-1A2F4E6A8394}.Debug|Any CPU.Build.0 = Debug|Any CPU
		{85C68CC4-0B36-6874-7735-1A2F4E6A8394}.Release|Any CPU.ActiveCfg = Release|Any CPU
		{85C68CC4-0B36-6874-7735-1A2F4E6A8394}.Release|Any CPU.Build.0 = Release|Any CPU
		{CC12E602-17E1-475E-12F0-57AE40A60F3F}.Debug|Any CPU.ActiveCfg = Debug|Any CPU
		{CC12E602-17E1-475E-12F0-57AE40A60F3F}.Debug|Any CPU.Build.0 = Debug|Any CPU
		{CC12E602-17E1-475E-12F0-57AE40A60F3F}.Release|Any CPU.ActiveCfg = Release|Any CPU
		{CC12E602-17E1-475E-12F0-57AE40A60F3F}.Release|Any CPU.Build.0 = Release|Any CPU
	EndGlobalSection
	GlobalSection(SolutionProperties) = preSolution
		HideSolutionNode = FALSE
	EndGlobalSection
	GlobalSection(ExtensibilityGlobals) = postSolution
		SolutionGuid = {6F523A2B-2AD7-4C70-BA1F-E79107EE799B}
	EndGlobalSection
EndGlobal
