
Microsoft Visual Studio Solution File, Format Version 12.00
# Visual Studio Version 17
VisualStudioVersion = 17.14.36414.22
MinimumVisualStudioVersion = 10.0.40219.1
Project("{FAE04EC0-301F-11D3-BF4B-00C04F79EFBC}") = "Tyuiu.TumashenkinYA.Sprint1.Task0.V15", "Tyuiu.TumashenkinYA.Sprint1.Task0.V15\Tyuiu.TumashenkinYA.Sprint1.Task0.V15.csproj", "{18039F67-4235-2BB9-9F9B-A40E6086DA6B}"
EndProject
Project("{FAE04EC0-301F-11D3-BF4B-00C04F79EFBC}") = "Tyuiu.TumashenkinYA.Sprint1.Task0.V15.Lib", "Tyuiu.TumashenkinYA.Sprint1.Task0.V15.Lib\Tyuiu.TumashenkinYA.Sprint1.Task0.V15.Lib.csproj", "{85C68CC4-0B36-6874-7735-1A2F4E6A8394}"
EndProject
Project("{FAE04EC0-301F-11D3-BF4B-00C04F79EFBC}") = "Tyuiu.TumashenkinYA.Sprint1.Task0.V15.Test", "Tyuiu.TumashenkinYA.Sprint1.Task0.V15.Test\Tyuiu.TumashenkinYA.Sprint1.Task0.V15.Test.csproj", "{CC12E602-17E1-475E-12F0-57AE40A60F3F}"
EndProject
Project("{2150E333-8FDC-42A3-9474-1A3956D46DE8}") = "Task0", "Task0", "{02EA681E-C7D8-13C7-8484-4AC65E1B71E8}"
EndProject
Project("{2150E333-8FDC-42A3-9474-1A3956D46DE8}") = "Task1", "Task1", "{14DE339A-0D4F-4C07-8AB5-3F169917A333}"
EndProject
Project("{FAE04EC0-301F-11D3-BF4B-00C04F79EFBC}") = "Tyuiu.TumashenkinYA.Sprint1.Task1.V7.Lib", "Tyuiu.TumashenkinYA.Sprint1.Task1.V7.Lib\Tyuiu.TumashenkinYA.Sprint1.Task1.V7.Lib.csproj", "{FA916E3A-2B40-4595-A0CD-56281577BDBC}"
EndProject
Project("{FAE04EC0-301F-11D3-BF4B-00C04F79EFBC}") = "Tyuiu.TumashenkinYA.Sprint1.Task1.V7.Test", "Tyuiu.TumashenkinYA.Sprint1.V7.Test\Tyuiu.TumashenkinYA.Sprint1.Task1.V7.Test.csproj", "{6BBC42B0-D47F-47AB-B888-B0263A2778E4}"
EndProject
Project("{FAE04EC0-301F-11D3-BF4B-00C04F79EFBC}") = "Tyuiu.TumashenkinYA.Sprint1.Task1.V7", "Tyuiu.TumashenkinYA.Sprint1.V7\Tyuiu.TumashenkinYA.Sprint1.Task1.V7.csproj", "{2D8411D8-7B5C-4350-AE94-2D86E039ED26}"
EndProject
Project("{2150E333-8FDC-42A3-9474-1A3956D46DE8}") = "Task2", "Task2", "{9B9C5623-DD76-4764-8158-B1CB98287F78}"
EndProject
Project("{FAE04EC0-301F-11D3-BF4B-00C04F79EFBC}") = "Tyuiu.TumashenkinYA.Sprint1.Task2.V28", "Tyuiu.TumashenkinYA.Sprint1.Task2.V28\Tyuiu.TumashenkinYA.Sprint1.Task2.V28.csproj", "{1CF59620-8E50-4FF2-B46D-B72943C2E7CF}"
EndProject
Project("{FAE04EC0-301F-11D3-BF4B-00C04F79EFBC}") = "Tyuiu.TumashenkinYA.Sprint1.Task2.V28.Test", "Tyuiu.TumashenkinYA.Sprint1.Task2.V28.Test\Tyuiu.TumashenkinYA.Sprint1.Task2.V28.Test.csproj", "{B32F9767-BFC5-49B7-9CA1-EFBB7834B453}"
EndProject
Project("{FAE04EC0-301F-11D3-BF4B-00C04F79EFBC}") = "Tyuiu.TumashenkinYA.Sprint1.Task2.V28.Lib", "Tyuiu.TumashenkinYA.Sprint1.Task2.V28.Lib\Tyuiu.TumashenkinYA.Sprint1.Task2.V28.Lib.csproj", "{D65FE097-407F-4857-8710-3303E0677C74}"
EndProject
Project("{2150E333-8FDC-42A3-9474-1A3956D46DE8}") = "Task3", "Task3", "{54C8FFB1-0D4A-4A8C-A119-FA9C93A3A61F}"
EndProject
Project("{FAE04EC0-301F-11D3-BF4B-00C04F79EFBC}") = "Tyuiu.TumashenkinYA.Sprint1.Task3.V6.Test", "Tyuiu.TumashenkinYA.Sprint1.Task3.V6.Test\Tyuiu.TumashenkinYA.Sprint1.Task3.V6.Test.csproj", "{B81CC0F3-2474-4214-B3B5-845357D776A6}"
EndProject
Project("{FAE04EC0-301F-11D3-BF4B-00C04F79EFBC}") = "Tyuiu.TumashenkinYA.Sprint1.Task3.V6.Lib", "Tyuiu.TumashenkinYA.Sprint1.Task3.V6.Lib\Tyuiu.TumashenkinYA.Sprint1.Task3.V6.Lib.csproj", "{037B5AE5-503A-4134-BC56-72DD0D06409A}"
EndProject
Project("{FAE04EC0-301F-11D3-BF4B-00C04F79EFBC}") = "Tyuiu.TumashenkinYA.Sprint1.Task3.V6", "Tyuiu.TumashenkinYA.Sprint1.Task3.V6\Tyuiu.TumashenkinYA.Sprint1.Task3.V6.csproj", "{24D4643E-85C5-49AF-B06E-A373FCB7FB52}"
EndProject
Project("{2150E333-8FDC-42A3-9474-1A3956D46DE8}") = "Task4", "Task4", "{BBBB23A5-BC42-4CA7-A730-0426B98C8840}"
EndProject
Project("{FAE04EC0-301F-11D3-BF4B-00C04F79EFBC}") = "Tyuiu.TumashenkinYA.Sprint1.Task4.V7", "Tyuiu.TumashenkinYA.Sprint1.Task4.V7\Tyuiu.TumashenkinYA.Sprint1.Task4.V7.csproj", "{5808F172-6D9A-44F9-90E2-D7805164E8B6}"
EndProject
Project("{FAE04EC0-301F-11D3-BF4B-00C04F79EFBC}") = "Tyuiu.TumashenkinYA.Sprint1.Task4.V7.Lib", "Tyuiu.TumashenkinYA.Sprint1.Task4.V7.Lib\Tyuiu.TumashenkinYA.Sprint1.Task4.V7.Lib.csproj", "{B7B0E61C-4200-4951-8EBC-A807A2B9068A}"
EndProject
Project("{FAE04EC0-301F-11D3-BF4B-00C04F79EFBC}") = "Tyuiu.TumashenkinYA.Sprint1.Task4.V7.Test", "Tyuiu.TumashenkinYA.Sprint1.Task4.V7.Test\Tyuiu.TumashenkinYA.Sprint1.Task4.V7.Test.csproj", "{E9F8492C-BE62-4151-B854-C9AFA003A270}"
EndProject
Project("{2150E333-8FDC-42A3-9474-1A3956D46DE8}") = "Task5", "Task5", "{C3C2C4AC-39CC-48CD-9C33-48213C8DB1A4}"
EndProject
Project("{FAE04EC0-301F-11D3-BF4B-00C04F79EFBC}") = "Tyuiu.TumashenkinYA.Sprint1.Task5.V3", "Tyuiu.TumashenkinYA.Sprint1.Task5.V3\Tyuiu.TumashenkinYA.Sprint1.Task5.V3.csproj", "{FC43FFAB-B61E-4030-B268-3111F8BE4F5C}"
EndProject
Project("{FAE04EC0-301F-11D3-BF4B-00C04F79EFBC}") = "Tyuiu.TumashenkinYA.Sprint1.Task5.V3.Test", "Tyuiu.TumashenkinYA.Sprint1.Task5.V3.Test\Tyuiu.TumashenkinYA.Sprint1.Task5.V3.Test.csproj", "{0C8A88CF-2A13-4C5C-9C39-0D65B14CE63C}"
EndProject
Project("{FAE04EC0-301F-11D3-BF4B-00C04F79EFBC}") = "Tyuiu.TumashenkinYA.Sprint1.Task5.V3.Lib", "Tyuiu.TumashenkinYA.Sprint1.Task5.V3.Lib\Tyuiu.TumashenkinYA.Sprint1.Task5.V3.Lib.csproj", "{677F38BB-0C50-4AC5-BE7D-7A61D067EC9F}"
EndProject
Project("{2150E333-8FDC-42A3-9474-1A3956D46DE8}") = "Task6", "Task6", "{C8E01F5F-A2F6-4A35-9418-CF6CB5791A6A}"
EndProject
Project("{FAE04EC0-301F-11D3-BF4B-00C04F79EFBC}") = "Tyuiu.TumashenkinYA.Sprint1.Task6.V14.Lib", "Tyuiu.TumashenkinYA.Sprint1.Task6.V14.Lib\Tyuiu.TumashenkinYA.Sprint1.Task6.V14.Lib.csproj", "{1C217B61-E12D-4794-AE38-F0A72B03C4A8}"
EndProject
Project("{FAE04EC0-301F-11D3-BF4B-00C04F79EFBC}") = "Tyuiu.TumashenkinYA.Sprint1.Task6.V14.Test", "Tyuiu.TumashenkinYA.Sprint1.Task6.V14.Test\Tyuiu.TumashenkinYA.Sprint1.Task6.V14.Test.csproj", "{955B4386-B26D-46D6-AEF2-1C9B3037820A}"
EndProject
Project("{FAE04EC0-301F-11D3-BF4B-00C04F79EFBC}") = "Tyuiu.TumashenkinYA.Sprint1.Task6.V14", "Tyuiu.TumashenkinYA.Sprint1.Task6.V14\Tyuiu.TumashenkinYA.Sprint1.Task6.V14.csproj", "{5204FEB8-5D6F-458D-8C9D-9E4D6495FB9B}"
EndProject
Project("{2150E333-8FDC-42A3-9474-1A3956D46DE8}") = "Task7", "Task7", "{BE217A15-9EB4-4634-A3C6-768F4AD1C8BF}"
EndProject
Project("{FAE04EC0-301F-11D3-BF4B-00C04F79EFBC}") = "Tyuiu.TumashenkinYA.Sprint1.Task7.V19", "Tyuiu.TumashenkinYA.Sprint1.Task7.V19\Tyuiu.TumashenkinYA.Sprint1.Task7.V19.csproj", "{EECAA065-E690-4E3C-A26D-66E239D8D692}"
EndProject
Project("{FAE04EC0-301F-11D3-BF4B-00C04F79EFBC}") = "Tyuiu.TumashenkinYA.Sprint1.Task7.V19.Test", "Tyuiu.TumashenkinYA.Sprint1.Task7.V19.Test\Tyuiu.TumashenkinYA.Sprint1.Task7.V19.Test.csproj", "{7BE66716-628A-47F8-82E2-106A6C280596}"
EndProject
Project("{FAE04EC0-301F-11D3-BF4B-00C04F79EFBC}") = "Tyuiu.TumashenkinYA.Sprint1.Task7.V19.Lib", "Tyuiu.TumashenkinYA.Sprint1.Task7.V19.Lib\Tyuiu.TumashenkinYA.Sprint1.Task7.V19.Lib.csproj", "{4C0BCAC2-1963-4B27-BA53-A9F48283FB46}"
EndProject
Global
	GlobalSection(SolutionConfigurationPlatforms) = preSolution
		Debug|Any CPU = Debug|Any CPU
		Release|Any CPU = Release|Any CPU
	EndGlobalSection
	GlobalSection(ProjectConfigurationPlatforms) = postSolution
		{18039F67-4235-2BB9-9F9B-A40E6086DA6B}.Debug|Any CPU.ActiveCfg = Debug|Any CPU
		{18039F67-4235-2BB9-9F9B-A40E6086DA6B}.Debug|Any CPU.Build.0 = Debug|Any CPU
		{18039F67-4235-2BB9-9F9B-A40E6086DA6B}.Release|Any CPU.ActiveCfg = Release|Any CPU
		{18039F67-4235-2BB9-9F9B-A40E6086DA6B}.Release|Any CPU.Build.0 = Release|Any CPU
		{85C68CC4-0B36-6874-7735-1A2F4E6A8394}.Debug|Any CPU.ActiveCfg = Debug|Any CPU
		{85C68CC4-0B36-6874-7735-1A2F4E6A8394}.Debug|Any CPU.Build.0 = Debug|Any CPU
		{85C68CC4-0B36-6874-7735-1A2F4E6A8394}.Release|Any CPU.ActiveCfg = Release|Any CPU
		{85C68CC4-0B36-6874-7735-1A2F4E6A8394}.Release|Any CPU.Build.0 = Release|Any CPU
		{CC12E602-17E1-475E-12F0-57AE40A60F3F}.Debug|Any CPU.ActiveCfg = Debug|Any CPU
		{CC12E602-17E1-475E-12F0-57AE40A60F3F}.Debug|Any CPU.Build.0 = Debug|Any CPU
		{CC12E602-17E1-475E-12F0-57AE40A60F3F}.Release|Any CPU.ActiveCfg = Release|Any CPU
		{CC12E602-17E1-475E-12F0-57AE40A60F3F}.Release|Any CPU.Build.0 = Release|Any CPU
		{FA916E3A-2B40-4595-A0CD-56281577BDBC}.Debug|Any CPU.ActiveCfg = Debug|Any CPU
		{FA916E3A-2B40-4595-A0CD-56281577BDBC}.Debug|Any CPU.Build.0 = Debug|Any CPU
		{FA916E3A-2B40-4595-A0CD-56281577BDBC}.Release|Any CPU.ActiveCfg = Release|Any CPU
		{FA916E3A-2B40-4595-A0CD-56281577BDBC}.Release|Any CPU.Build.0 = Release|Any CPU
		{6BBC42B0-D47F-47AB-B888-B0263A2778E4}.Debug|Any CPU.ActiveCfg = Debug|Any CPU
		{6BBC42B0-D47F-47AB-B888-B0263A2778E4}.Debug|Any CPU.Build.0 = Debug|Any CPU
		{6BBC42B0-D47F-47AB-B888-B0263A2778E4}.Release|Any CPU.ActiveCfg = Release|Any CPU
		{6BBC42B0-D47F-47AB-B888-B0263A2778E4}.Release|Any CPU.Build.0 = Release|Any CPU
		{2D8411D8-7B5C-4350-AE94-2D86E039ED26}.Debug|Any CPU.ActiveCfg = Debug|Any CPU
		{2D8411D8-7B5C-4350-AE94-2D86E039ED26}.Debug|Any CPU.Build.0 = Debug|Any CPU
		{2D8411D8-7B5C-4350-AE94-2D86E039ED26}.Release|Any CPU.ActiveCfg = Release|Any CPU
		{2D8411D8-7B5C-4350-AE94-2D86E039ED26}.Release|Any CPU.Build.0 = Release|Any CPU
		{1CF59620-8E50-4FF2-B46D-B72943C2E7CF}.Debug|Any CPU.ActiveCfg = Debug|Any CPU
		{1CF59620-8E50-4FF2-B46D-B72943C2E7CF}.Debug|Any CPU.Build.0 = Debug|Any CPU
		{1CF59620-8E50-4FF2-B46D-B72943C2E7CF}.Release|Any CPU.ActiveCfg = Release|Any CPU
		{1CF59620-8E50-4FF2-B46D-B72943C2E7CF}.Release|Any CPU.Build.0 = Release|Any CPU
		{B32F9767-BFC5-49B7-9CA1-EFBB7834B453}.Debug|Any CPU.ActiveCfg = Debug|Any CPU
		{B32F9767-BFC5-49B7-9CA1-EFBB7834B453}.Debug|Any CPU.Build.0 = Debug|Any CPU
		{B32F9767-BFC5-49B7-9CA1-EFBB7834B453}.Release|Any CPU.ActiveCfg = Release|Any CPU
		{B32F9767-BFC5-49B7-9CA1-EFBB7834B453}.Release|Any CPU.Build.0 = Release|Any CPU
		{D65FE097-407F-4857-8710-3303E0677C74}.Debug|Any CPU.ActiveCfg = Debug|Any CPU
		{D65FE097-407F-4857-8710-3303E0677C74}.Debug|Any CPU.Build.0 = Debug|Any CPU
		{D65FE097-407F-4857-8710-3303E0677C74}.Release|Any CPU.ActiveCfg = Release|Any CPU
		{D65FE097-407F-4857-8710-3303E0677C74}.Release|Any CPU.Build.0 = Release|Any CPU
		{B81CC0F3-2474-4214-B3B5-845357D776A6}.Debug|Any CPU.ActiveCfg = Debug|Any CPU
		{B81CC0F3-2474-4214-B3B5-845357D776A6}.Debug|Any CPU.Build.0 = Debug|Any CPU
		{B81CC0F3-2474-4214-B3B5-845357D776A6}.Release|Any CPU.ActiveCfg = Release|Any CPU
		{B81CC0F3-2474-4214-B3B5-845357D776A6}.Release|Any CPU.Build.0 = Release|Any CPU
		{037B5AE5-503A-4134-BC56-72DD0D06409A}.Debug|Any CPU.ActiveCfg = Debug|Any CPU
		{037B5AE5-503A-4134-BC56-72DD0D06409A}.Debug|Any CPU.Build.0 = Debug|Any CPU
		{037B5AE5-503A-4134-BC56-72DD0D06409A}.Release|Any CPU.ActiveCfg = Release|Any CPU
		{037B5AE5-503A-4134-BC56-72DD0D06409A}.Release|Any CPU.Build.0 = Release|Any CPU
		{24D4643E-85C5-49AF-B06E-A373FCB7FB52}.Debug|Any CPU.ActiveCfg = Debug|Any CPU
		{24D4643E-85C5-49AF-B06E-A373FCB7FB52}.Debug|Any CPU.Build.0 = Debug|Any CPU
		{24D4643E-85C5-49AF-B06E-A373FCB7FB52}.Release|Any CPU.ActiveCfg = Release|Any CPU
		{24D4643E-85C5-49AF-B06E-A373FCB7FB52}.Release|Any CPU.Build.0 = Release|Any CPU
		{5808F172-6D9A-44F9-90E2-D7805164E8B6}.Debug|Any CPU.ActiveCfg = Debug|Any CPU
		{5808F172-6D9A-44F9-90E2-D7805164E8B6}.Debug|Any CPU.Build.0 = Debug|Any CPU
		{5808F172-6D9A-44F9-90E2-D7805164E8B6}.Release|Any CPU.ActiveCfg = Release|Any CPU
		{5808F172-6D9A-44F9-90E2-D7805164E8B6}.Release|Any CPU.Build.0 = Release|Any CPU
		{B7B0E61C-4200-4951-8EBC-A807A2B9068A}.Debug|Any CPU.ActiveCfg = Debug|Any CPU
		{B7B0E61C-4200-4951-8EBC-A807A2B9068A}.Debug|Any CPU.Build.0 = Debug|Any CPU
		{B7B0E61C-4200-4951-8EBC-A807A2B9068A}.Release|Any CPU.ActiveCfg = Release|Any CPU
		{B7B0E61C-4200-4951-8EBC-A807A2B9068A}.Release|Any CPU.Build.0 = Release|Any CPU
		{E9F8492C-BE62-4151-B854-C9AFA003A270}.Debug|Any CPU.ActiveCfg = Debug|Any CPU
		{E9F8492C-BE62-4151-B854-C9AFA003A270}.Debug|Any CPU.Build.0 = Debug|Any CPU
		{E9F8492C-BE62-4151-B854-C9AFA003A270}.Release|Any CPU.ActiveCfg = Release|Any CPU
		{E9F8492C-BE62-4151-B854-C9AFA003A270}.Release|Any CPU.Build.0 = Release|Any CPU
		{FC43FFAB-B61E-4030-B268-3111F8BE4F5C}.Debug|Any CPU.ActiveCfg = Debug|Any CPU
		{FC43FFAB-B61E-4030-B268-3111F8BE4F5C}.Debug|Any CPU.Build.0 = Debug|Any CPU
		{FC43FFAB-B61E-4030-B268-3111F8BE4F5C}.Release|Any CPU.ActiveCfg = Release|Any CPU
		{FC43FFAB-B61E-4030-B268-3111F8BE4F5C}.Release|Any CPU.Build.0 = Release|Any CPU
		{0C8A88CF-2A13-4C5C-9C39-0D65B14CE63C}.Debug|Any CPU.ActiveCfg = Debug|Any CPU
		{0C8A88CF-2A13-4C5C-9C39-0D65B14CE63C}.Debug|Any CPU.Build.0 = Debug|Any CPU
		{0C8A88CF-2A13-4C5C-9C39-0D65B14CE63C}.Release|Any CPU.ActiveCfg = Release|Any CPU
		{0C8A88CF-2A13-4C5C-9C39-0D65B14CE63C}.Release|Any CPU.Build.0 = Release|Any CPU
		{677F38BB-0C50-4AC5-BE7D-7A61D067EC9F}.Debug|Any CPU.ActiveCfg = Debug|Any CPU
		{677F38BB-0C50-4AC5-BE7D-7A61D067EC9F}.Debug|Any CPU.Build.0 = Debug|Any CPU
		{677F38BB-0C50-4AC5-BE7D-7A61D067EC9F}.Release|Any CPU.ActiveCfg = Release|Any CPU
		{677F38BB-0C50-4AC5-BE7D-7A61D067EC9F}.Release|Any CPU.Build.0 = Release|Any CPU
		{1C217B61-E12D-4794-AE38-F0A72B03C4A8}.Debug|Any CPU.ActiveCfg = Debug|Any CPU
		{1C217B61-E12D-4794-AE38-F0A72B03C4A8}.Debug|Any CPU.Build.0 = Debug|Any CPU
		{1C217B61-E12D-4794-AE38-F0A72B03C4A8}.Release|Any CPU.ActiveCfg = Release|Any CPU
		{1C217B61-E12D-4794-AE38-F0A72B03C4A8}.Release|Any CPU.Build.0 = Release|Any CPU
		{955B4386-B26D-46D6-AEF2-1C9B3037820A}.Debug|Any CPU.ActiveCfg = Debug|Any CPU
		{955B4386-B26D-46D6-AEF2-1C9B3037820A}.Debug|Any CPU.Build.0 = Debug|Any CPU
		{955B4386-B26D-46D6-AEF2-1C9B3037820A}.Release|Any CPU.ActiveCfg = Release|Any CPU
		{955B4386-B26D-46D6-AEF2-1C9B3037820A}.Release|Any CPU.Build.0 = Release|Any CPU
		{5204FEB8-5D6F-458D-8C9D-9E4D6495FB9B}.Debug|Any CPU.ActiveCfg = Debug|Any CPU
		{5204FEB8-5D6F-458D-8C9D-9E4D6495FB9B}.Debug|Any CPU.Build.0 = Debug|Any CPU
		{5204FEB8-5D6F-458D-8C9D-9E4D6495FB9B}.Release|Any CPU.ActiveCfg = Release|Any CPU
		{5204FEB8-5D6F-458D-8C9D-9E4D6495FB9B}.Release|Any CPU.Build.0 = Release|Any CPU
		{EECAA065-E690-4E3C-A26D-66E239D8D692}.Debug|Any CPU.ActiveCfg = Debug|Any CPU
		{EECAA065-E690-4E3C-A26D-66E239D8D692}.Debug|Any CPU.Build.0 = Debug|Any CPU
		{EECAA065-E690-4E3C-A26D-66E239D8D692}.Release|Any CPU.ActiveCfg = Release|Any CPU
		{EECAA065-E690-4E3C-A26D-66E239D8D692}.Release|Any CPU.Build.0 = Release|Any CPU
		{7BE66716-628A-47F8-82E2-106A6C280596}.Debug|Any CPU.ActiveCfg = Debug|Any CPU
		{7BE66716-628A-47F8-82E2-106A6C280596}.Debug|Any CPU.Build.0 = Debug|Any CPU
		{7BE66716-628A-47F8-82E2-106A6C280596}.Release|Any CPU.ActiveCfg = Release|Any CPU
		{7BE66716-628A-47F8-82E2-106A6C280596}.Release|Any CPU.Build.0 = Release|Any CPU
		{4C0BCAC2-1963-4B27-BA53-A9F48283FB46}.Debug|Any CPU.ActiveCfg = Debug|Any CPU
		{4C0BCAC2-1963-4B27-BA53-A9F48283FB46}.Debug|Any CPU.Build.0 = Debug|Any CPU
		{4C0BCAC2-1963-4B27-BA53-A9F48283FB46}.Release|Any CPU.ActiveCfg = Release|Any CPU
		{4C0BCAC2-1963-4B27-BA53-A9F48283FB46}.Release|Any CPU.Build.0 = Release|Any CPU
	EndGlobalSection
	GlobalSection(SolutionProperties) = preSolution
		HideSolutionNode = FALSE
	EndGlobalSection
	GlobalSection(NestedProjects) = preSolution
		{18039F67-4235-2BB9-9F9B-A40E6086DA6B} = {02EA681E-C7D8-13C7-8484-4AC65E1B71E8}
		{85C68CC4-0B36-6874-7735-1A2F4E6A8394} = {02EA681E-C7D8-13C7-8484-4AC65E1B71E8}
		{CC12E602-17E1-475E-12F0-57AE40A60F3F} = {02EA681E-C7D8-13C7-8484-4AC65E1B71E8}
		{FA916E3A-2B40-4595-A0CD-56281577BDBC} = {14DE339A-0D4F-4C07-8AB5-3F169917A333}
		{6BBC42B0-D47F-47AB-B888-B0263A2778E4} = {14DE339A-0D4F-4C07-8AB5-3F169917A333}
		{2D8411D8-7B5C-4350-AE94-2D86E039ED26} = {14DE339A-0D4F-4C07-8AB5-3F169917A333}
		{1CF59620-8E50-4FF2-B46D-B72943C2E7CF} = {9B9C5623-DD76-4764-8158-B1CB98287F78}
		{B32F9767-BFC5-49B7-9CA1-EFBB7834B453} = {9B9C5623-DD76-4764-8158-B1CB98287F78}
		{D65FE097-407F-4857-8710-3303E0677C74} = {9B9C5623-DD76-4764-8158-B1CB98287F78}
		{B81CC0F3-2474-4214-B3B5-845357D776A6} = {54C8FFB1-0D4A-4A8C-A119-FA9C93A3A61F}
		{037B5AE5-503A-4134-BC56-72DD0D06409A} = {54C8FFB1-0D4A-4A8C-A119-FA9C93A3A61F}
		{24D4643E-85C5-49AF-B06E-A373FCB7FB52} = {54C8FFB1-0D4A-4A8C-A119-FA9C93A3A61F}
		{5808F172-6D9A-44F9-90E2-D7805164E8B6} = {BBBB23A5-BC42-4CA7-A730-0426B98C8840}
		{B7B0E61C-4200-4951-8EBC-A807A2B9068A} = {BBBB23A5-BC42-4CA7-A730-0426B98C8840}
		{E9F8492C-BE62-4151-B854-C9AFA003A270} = {BBBB23A5-BC42-4CA7-A730-0426B98C8840}
		{FC43FFAB-B61E-4030-B268-3111F8BE4F5C} = {C3C2C4AC-39CC-48CD-9C33-48213C8DB1A4}
		{0C8A88CF-2A13-4C5C-9C39-0D65B14CE63C} = {C3C2C4AC-39CC-48CD-9C33-48213C8DB1A4}
		{677F38BB-0C50-4AC5-BE7D-7A61D067EC9F} = {C3C2C4AC-39CC-48CD-9C33-48213C8DB1A4}
		{1C217B61-E12D-4794-AE38-F0A72B03C4A8} = {C8E01F5F-A2F6-4A35-9418-CF6CB5791A6A}
		{955B4386-B26D-46D6-AEF2-1C9B3037820A} = {C8E01F5F-A2F6-4A35-9418-CF6CB5791A6A}
		{5204FEB8-5D6F-458D-8C9D-9E4D6495FB9B} = {C8E01F5F-A2F6-4A35-9418-CF6CB5791A6A}
		{EECAA065-E690-4E3C-A26D-66E239D8D692} = {BE217A15-9EB4-4634-A3C6-768F4AD1C8BF}
		{7BE66716-628A-47F8-82E2-106A6C280596} = {BE217A15-9EB4-4634-A3C6-768F4AD1C8BF}
		{4C0BCAC2-1963-4B27-BA53-A9F48283FB46} = {BE217A15-9EB4-4634-A3C6-768F4AD1C8BF}
	EndGlobalSection
	GlobalSection(ExtensibilityGlobals) = postSolution
		SolutionGuid = {6F523A2B-2AD7-4C70-BA1F-E79107EE799B}
	EndGlobalSection
EndGlobal
